
Microsoft Visual Studio Solution File, Format Version 12.00
# Visual Studio Version 17
VisualStudioVersion = 17.2.32526.322
MinimumVisualStudioVersion = 10.0.40219.1
Project("{FAE04EC0-301F-11D3-BF4B-00C04F79EFBC}") = "Чугунова_ровииас_1", "Чугунова_ровииас_1\Чугунова_ровииас_1.csproj", "{D8370E5D-C18A-40FE-9445-2B2438F73DCF}"
EndProject
Global
	GlobalSection(SolutionConfigurationPlatforms) = preSolution
		Debug|Any CPU = Debug|Any CPU
		Release|Any CPU = Release|Any CPU
	EndGlobalSection
	GlobalSection(ProjectConfigurationPlatforms) = postSolution
		{D8370E5D-C18A-40FE-9445-2B2438F73DCF}.Debug|Any CPU.ActiveCfg = Debug|Any CPU
		{D8370E5D-C18A-40FE-9445-2B2438F73DCF}.Debug|Any CPU.Build.0 = Debug|Any CPU
		{D8370E5D-C18A-40FE-9445-2B2438F73DCF}.Release|Any CPU.ActiveCfg = Release|Any CPU
		{D8370E5D-C18A-40FE-9445-2B2438F73DCF}.Release|Any CPU.Build.0 = Release|Any CPU
	EndGlobalSection
	GlobalSection(SolutionProperties) = preSolution
		HideSolutionNode = FALSE
	EndGlobalSection
	GlobalSection(ExtensibilityGlobals) = postSolution
		SolutionGuid = {EEE6DC85-1055-4D94-A04A-070D52B9B6A8}
	EndGlobalSection
EndGlobal
